// !$*UTF8*$!
{
	archiveVersion = 1;
	classes = {
	};
	objectVersion = 55;
	objects = {

/* Begin PBXBuildFile section */
		93D545042A43A23400A165C0 /* AppDelegate.swift in Sources */ = {isa = PBXBuildFile; fileRef = 93D545032A43A23400A165C0 /* AppDelegate.swift */; };
		93D545082A43A23400A165C0 /* BitcoinViewController.swift in Sources */ = {isa = PBXBuildFile; fileRef = 93D545072A43A23400A165C0 /* BitcoinViewController.swift */; };
		93D5450D2A43A23700A165C0 /* Assets.xcassets in Resources */ = {isa = PBXBuildFile; fileRef = 93D5450C2A43A23700A165C0 /* Assets.xcassets */; };
		93D545102A43A23700A165C0 /* LaunchScreen.storyboard in Resources */ = {isa = PBXBuildFile; fileRef = 93D5450E2A43A23700A165C0 /* LaunchScreen.storyboard */; };
		93D5451B2A43A23800A165C0 /* BitcoinTests.swift in Sources */ = {isa = PBXBuildFile; fileRef = 93D5451A2A43A23800A165C0 /* BitcoinTests.swift */; };
		93D545252A43A23800A165C0 /* BitcoinUITests.swift in Sources */ = {isa = PBXBuildFile; fileRef = 93D545242A43A23800A165C0 /* BitcoinUITests.swift */; };
		93D545272A43A23800A165C0 /* BitcoinUITestsLaunchTests.swift in Sources */ = {isa = PBXBuildFile; fileRef = 93D545262A43A23800A165C0 /* BitcoinUITestsLaunchTests.swift */; };
		93D545342A43CDDA00A165C0 /* Networking.swift in Sources */ = {isa = PBXBuildFile; fileRef = 93D545332A43CDDA00A165C0 /* Networking.swift */; };
		93D545362A43CEBD00A165C0 /* BitcoinFromApi.swift in Sources */ = {isa = PBXBuildFile; fileRef = 93D545352A43CEBD00A165C0 /* BitcoinFromApi.swift */; };
		93D545382A4490B400A165C0 /* NetworkingError.swift in Sources */ = {isa = PBXBuildFile; fileRef = 93D545372A4490B400A165C0 /* NetworkingError.swift */; };
		93D5453A2A4536CF00A165C0 /* UrlSessionNetworking.swift in Sources */ = {isa = PBXBuildFile; fileRef = 93D545392A4536CF00A165C0 /* UrlSessionNetworking.swift */; };
		93D5453C2A45380E00A165C0 /* BitcoinProvider.swift in Sources */ = {isa = PBXBuildFile; fileRef = 93D5453B2A45380E00A165C0 /* BitcoinProvider.swift */; };
		93D5453E2A45397800A165C0 /* Bitcoin.swift in Sources */ = {isa = PBXBuildFile; fileRef = 93D5453D2A45397800A165C0 /* Bitcoin.swift */; };
		93D545402A4539D900A165C0 /* ErrorType.swift in Sources */ = {isa = PBXBuildFile; fileRef = 93D5453F2A4539D900A165C0 /* ErrorType.swift */; };
		93D545422A453A0100A165C0 /* ErrorManager.swift in Sources */ = {isa = PBXBuildFile; fileRef = 93D545412A453A0100A165C0 /* ErrorManager.swift */; };
		93D545442A453A3900A165C0 /* NetworkingBitcoinProvider.swift in Sources */ = {isa = PBXBuildFile; fileRef = 93D545432A453A3900A165C0 /* NetworkingBitcoinProvider.swift */; };
		93D545482A4600D100A165C0 /* ViewController+Extension.swift in Sources */ = {isa = PBXBuildFile; fileRef = 93D545472A4600D100A165C0 /* ViewController+Extension.swift */; };
		93D5454A2A4A0C4C00A165C0 /* TimezoneProvider.swift in Sources */ = {isa = PBXBuildFile; fileRef = 93D545492A4A0C4C00A165C0 /* TimezoneProvider.swift */; };
		93D5454C2A4A0C8800A165C0 /* Country.swift in Sources */ = {isa = PBXBuildFile; fileRef = 93D5454B2A4A0C8800A165C0 /* Country.swift */; };
		93D5454E2A4A0CFE00A165C0 /* NetworkingTimezoneProvider.swift in Sources */ = {isa = PBXBuildFile; fileRef = 93D5454D2A4A0CFE00A165C0 /* NetworkingTimezoneProvider.swift */; };
		93D545502A4A0E1100A165C0 /* CountryFromApi.swift in Sources */ = {isa = PBXBuildFile; fileRef = 93D5454F2A4A0E1100A165C0 /* CountryFromApi.swift */; };
/* End PBXBuildFile section */

/* Begin PBXContainerItemProxy section */
		93D545172A43A23800A165C0 /* PBXContainerItemProxy */ = {
			isa = PBXContainerItemProxy;
			containerPortal = 93D544F82A43A23400A165C0 /* Project object */;
			proxyType = 1;
			remoteGlobalIDString = 93D544FF2A43A23400A165C0;
			remoteInfo = Bitcoin;
		};
		93D545212A43A23800A165C0 /* PBXContainerItemProxy */ = {
			isa = PBXContainerItemProxy;
			containerPortal = 93D544F82A43A23400A165C0 /* Project object */;
			proxyType = 1;
			remoteGlobalIDString = 93D544FF2A43A23400A165C0;
			remoteInfo = Bitcoin;
		};
/* End PBXContainerItemProxy section */

/* Begin PBXFileReference section */
		93D545002A43A23400A165C0 /* Bitcoin.app */ = {isa = PBXFileReference; explicitFileType = wrapper.application; includeInIndex = 0; path = Bitcoin.app; sourceTree = BUILT_PRODUCTS_DIR; };
		93D545032A43A23400A165C0 /* AppDelegate.swift */ = {isa = PBXFileReference; lastKnownFileType = sourcecode.swift; path = AppDelegate.swift; sourceTree = "<group>"; };
		93D545072A43A23400A165C0 /* BitcoinViewController.swift */ = {isa = PBXFileReference; lastKnownFileType = sourcecode.swift; path = BitcoinViewController.swift; sourceTree = "<group>"; };
		93D5450C2A43A23700A165C0 /* Assets.xcassets */ = {isa = PBXFileReference; lastKnownFileType = folder.assetcatalog; path = Assets.xcassets; sourceTree = "<group>"; };
		93D5450F2A43A23700A165C0 /* Base */ = {isa = PBXFileReference; lastKnownFileType = file.storyboard; name = Base; path = Base.lproj/LaunchScreen.storyboard; sourceTree = "<group>"; };
		93D545112A43A23700A165C0 /* Info.plist */ = {isa = PBXFileReference; lastKnownFileType = text.plist.xml; path = Info.plist; sourceTree = "<group>"; };
		93D545162A43A23800A165C0 /* BitcoinTests.xctest */ = {isa = PBXFileReference; explicitFileType = wrapper.cfbundle; includeInIndex = 0; path = BitcoinTests.xctest; sourceTree = BUILT_PRODUCTS_DIR; };
		93D5451A2A43A23800A165C0 /* BitcoinTests.swift */ = {isa = PBXFileReference; lastKnownFileType = sourcecode.swift; path = BitcoinTests.swift; sourceTree = "<group>"; };
		93D545202A43A23800A165C0 /* BitcoinUITests.xctest */ = {isa = PBXFileReference; explicitFileType = wrapper.cfbundle; includeInIndex = 0; path = BitcoinUITests.xctest; sourceTree = BUILT_PRODUCTS_DIR; };
		93D545242A43A23800A165C0 /* BitcoinUITests.swift */ = {isa = PBXFileReference; lastKnownFileType = sourcecode.swift; path = BitcoinUITests.swift; sourceTree = "<group>"; };
		93D545262A43A23800A165C0 /* BitcoinUITestsLaunchTests.swift */ = {isa = PBXFileReference; lastKnownFileType = sourcecode.swift; path = BitcoinUITestsLaunchTests.swift; sourceTree = "<group>"; };
		93D545332A43CDDA00A165C0 /* Networking.swift */ = {isa = PBXFileReference; lastKnownFileType = sourcecode.swift; path = Networking.swift; sourceTree = "<group>"; };
		93D545352A43CEBD00A165C0 /* BitcoinFromApi.swift */ = {isa = PBXFileReference; lastKnownFileType = sourcecode.swift; path = BitcoinFromApi.swift; sourceTree = "<group>"; };
		93D545372A4490B400A165C0 /* NetworkingError.swift */ = {isa = PBXFileReference; lastKnownFileType = sourcecode.swift; path = NetworkingError.swift; sourceTree = "<group>"; };
		93D545392A4536CF00A165C0 /* UrlSessionNetworking.swift */ = {isa = PBXFileReference; lastKnownFileType = sourcecode.swift; path = UrlSessionNetworking.swift; sourceTree = "<group>"; };
		93D5453B2A45380E00A165C0 /* BitcoinProvider.swift */ = {isa = PBXFileReference; lastKnownFileType = sourcecode.swift; path = BitcoinProvider.swift; sourceTree = "<group>"; };
		93D5453D2A45397800A165C0 /* Bitcoin.swift */ = {isa = PBXFileReference; lastKnownFileType = sourcecode.swift; path = Bitcoin.swift; sourceTree = "<group>"; };
		93D5453F2A4539D900A165C0 /* ErrorType.swift */ = {isa = PBXFileReference; lastKnownFileType = sourcecode.swift; path = ErrorType.swift; sourceTree = "<group>"; };
		93D545412A453A0100A165C0 /* ErrorManager.swift */ = {isa = PBXFileReference; lastKnownFileType = sourcecode.swift; path = ErrorManager.swift; sourceTree = "<group>"; };
		93D545432A453A3900A165C0 /* NetworkingBitcoinProvider.swift */ = {isa = PBXFileReference; lastKnownFileType = sourcecode.swift; path = NetworkingBitcoinProvider.swift; sourceTree = "<group>"; };
		93D545472A4600D100A165C0 /* ViewController+Extension.swift */ = {isa = PBXFileReference; lastKnownFileType = sourcecode.swift; path = "ViewController+Extension.swift"; sourceTree = "<group>"; };
		93D545492A4A0C4C00A165C0 /* TimezoneProvider.swift */ = {isa = PBXFileReference; lastKnownFileType = sourcecode.swift; path = TimezoneProvider.swift; sourceTree = "<group>"; };
		93D5454B2A4A0C8800A165C0 /* Country.swift */ = {isa = PBXFileReference; lastKnownFileType = sourcecode.swift; path = Country.swift; sourceTree = "<group>"; };
		93D5454D2A4A0CFE00A165C0 /* NetworkingTimezoneProvider.swift */ = {isa = PBXFileReference; lastKnownFileType = sourcecode.swift; path = NetworkingTimezoneProvider.swift; sourceTree = "<group>"; };
		93D5454F2A4A0E1100A165C0 /* CountryFromApi.swift */ = {isa = PBXFileReference; lastKnownFileType = sourcecode.swift; path = CountryFromApi.swift; sourceTree = "<group>"; };
/* End PBXFileReference section */

/* Begin PBXFrameworksBuildPhase section */
		93D544FD2A43A23400A165C0 /* Frameworks */ = {
			isa = PBXFrameworksBuildPhase;
			buildActionMask = 2147483647;
			files = (
			);
			runOnlyForDeploymentPostprocessing = 0;
		};
		93D545132A43A23800A165C0 /* Frameworks */ = {
			isa = PBXFrameworksBuildPhase;
			buildActionMask = 2147483647;
			files = (
			);
			runOnlyForDeploymentPostprocessing = 0;
		};
		93D5451D2A43A23800A165C0 /* Frameworks */ = {
			isa = PBXFrameworksBuildPhase;
			buildActionMask = 2147483647;
			files = (
			);
			runOnlyForDeploymentPostprocessing = 0;
		};
/* End PBXFrameworksBuildPhase section */

/* Begin PBXGroup section */
		93D544F72A43A23400A165C0 = {
			isa = PBXGroup;
			children = (
				93D545022A43A23400A165C0 /* Bitcoin */,
				93D545192A43A23800A165C0 /* BitcoinTests */,
				93D545232A43A23800A165C0 /* BitcoinUITests */,
				93D545012A43A23400A165C0 /* Products */,
			);
			sourceTree = "<group>";
		};
		93D545012A43A23400A165C0 /* Products */ = {
			isa = PBXGroup;
			children = (
				93D545002A43A23400A165C0 /* Bitcoin.app */,
				93D545162A43A23800A165C0 /* BitcoinTests.xctest */,
				93D545202A43A23800A165C0 /* BitcoinUITests.xctest */,
			);
			name = Products;
			sourceTree = "<group>";
		};
		93D545022A43A23400A165C0 /* Bitcoin */ = {
			isa = PBXGroup;
			children = (
				93D545032A43A23400A165C0 /* AppDelegate.swift */,
				93D545072A43A23400A165C0 /* BitcoinViewController.swift */,
				93D545472A4600D100A165C0 /* ViewController+Extension.swift */,
				93D545332A43CDDA00A165C0 /* Networking.swift */,
				93D5453B2A45380E00A165C0 /* BitcoinProvider.swift */,
				93D545492A4A0C4C00A165C0 /* TimezoneProvider.swift */,
				93D5454D2A4A0CFE00A165C0 /* NetworkingTimezoneProvider.swift */,
				93D545432A453A3900A165C0 /* NetworkingBitcoinProvider.swift */,
				93D5453F2A4539D900A165C0 /* ErrorType.swift */,
				93D545412A453A0100A165C0 /* ErrorManager.swift */,
				93D545372A4490B400A165C0 /* NetworkingError.swift */,
				93D545392A4536CF00A165C0 /* UrlSessionNetworking.swift */,
				93D545352A43CEBD00A165C0 /* BitcoinFromApi.swift */,
				93D5454F2A4A0E1100A165C0 /* CountryFromApi.swift */,
				93D5453D2A45397800A165C0 /* Bitcoin.swift */,
				93D5454B2A4A0C8800A165C0 /* Country.swift */,
				93D5450C2A43A23700A165C0 /* Assets.xcassets */,
				93D5450E2A43A23700A165C0 /* LaunchScreen.storyboard */,
				93D545112A43A23700A165C0 /* Info.plist */,
			);
			path = Bitcoin;
			sourceTree = "<group>";
		};
		93D545192A43A23800A165C0 /* BitcoinTests */ = {
			isa = PBXGroup;
			children = (
				93D5451A2A43A23800A165C0 /* BitcoinTests.swift */,
			);
			path = BitcoinTests;
			sourceTree = "<group>";
		};
		93D545232A43A23800A165C0 /* BitcoinUITests */ = {
			isa = PBXGroup;
			children = (
				93D545242A43A23800A165C0 /* BitcoinUITests.swift */,
				93D545262A43A23800A165C0 /* BitcoinUITestsLaunchTests.swift */,
			);
			path = BitcoinUITests;
			sourceTree = "<group>";
		};
/* End PBXGroup section */

/* Begin PBXNativeTarget section */
		93D544FF2A43A23400A165C0 /* Bitcoin */ = {
			isa = PBXNativeTarget;
			buildConfigurationList = 93D5452A2A43A23800A165C0 /* Build configuration list for PBXNativeTarget "Bitcoin" */;
			buildPhases = (
				93D544FC2A43A23400A165C0 /* Sources */,
				93D544FD2A43A23400A165C0 /* Frameworks */,
				93D544FE2A43A23400A165C0 /* Resources */,
			);
			buildRules = (
			);
			dependencies = (
			);
			name = Bitcoin;
			productName = Bitcoin;
			productReference = 93D545002A43A23400A165C0 /* Bitcoin.app */;
			productType = "com.apple.product-type.application";
		};
		93D545152A43A23800A165C0 /* BitcoinTests */ = {
			isa = PBXNativeTarget;
			buildConfigurationList = 93D5452D2A43A23800A165C0 /* Build configuration list for PBXNativeTarget "BitcoinTests" */;
			buildPhases = (
				93D545122A43A23800A165C0 /* Sources */,
				93D545132A43A23800A165C0 /* Frameworks */,
				93D545142A43A23800A165C0 /* Resources */,
			);
			buildRules = (
			);
			dependencies = (
				93D545182A43A23800A165C0 /* PBXTargetDependency */,
			);
			name = BitcoinTests;
			productName = BitcoinTests;
			productReference = 93D545162A43A23800A165C0 /* BitcoinTests.xctest */;
			productType = "com.apple.product-type.bundle.unit-test";
		};
		93D5451F2A43A23800A165C0 /* BitcoinUITests */ = {
			isa = PBXNativeTarget;
			buildConfigurationList = 93D545302A43A23800A165C0 /* Build configuration list for PBXNativeTarget "BitcoinUITests" */;
			buildPhases = (
				93D5451C2A43A23800A165C0 /* Sources */,
				93D5451D2A43A23800A165C0 /* Frameworks */,
				93D5451E2A43A23800A165C0 /* Resources */,
			);
			buildRules = (
			);
			dependencies = (
				93D545222A43A23800A165C0 /* PBXTargetDependency */,
			);
			name = BitcoinUITests;
			productName = BitcoinUITests;
			productReference = 93D545202A43A23800A165C0 /* BitcoinUITests.xctest */;
			productType = "com.apple.product-type.bundle.ui-testing";
		};
/* End PBXNativeTarget section */

/* Begin PBXProject section */
		93D544F82A43A23400A165C0 /* Project object */ = {
			isa = PBXProject;
			attributes = {
				BuildIndependentTargetsInParallel = 1;
				LastSwiftUpdateCheck = 1310;
				LastUpgradeCheck = 1310;
				TargetAttributes = {
					93D544FF2A43A23400A165C0 = {
						CreatedOnToolsVersion = 13.1;
					};
					93D545152A43A23800A165C0 = {
						CreatedOnToolsVersion = 13.1;
						TestTargetID = 93D544FF2A43A23400A165C0;
					};
					93D5451F2A43A23800A165C0 = {
						CreatedOnToolsVersion = 13.1;
						TestTargetID = 93D544FF2A43A23400A165C0;
					};
				};
			};
			buildConfigurationList = 93D544FB2A43A23400A165C0 /* Build configuration list for PBXProject "Bitcoin" */;
			compatibilityVersion = "Xcode 13.0";
			developmentRegion = en;
			hasScannedForEncodings = 0;
			knownRegions = (
				en,
				Base,
			);
			mainGroup = 93D544F72A43A23400A165C0;
			productRefGroup = 93D545012A43A23400A165C0 /* Products */;
			projectDirPath = "";
			projectRoot = "";
			targets = (
				93D544FF2A43A23400A165C0 /* Bitcoin */,
				93D545152A43A23800A165C0 /* BitcoinTests */,
				93D5451F2A43A23800A165C0 /* BitcoinUITests */,
			);
		};
/* End PBXProject section */

/* Begin PBXResourcesBuildPhase section */
		93D544FE2A43A23400A165C0 /* Resources */ = {
			isa = PBXResourcesBuildPhase;
			buildActionMask = 2147483647;
			files = (
				93D545102A43A23700A165C0 /* LaunchScreen.storyboard in Resources */,
				93D5450D2A43A23700A165C0 /* Assets.xcassets in Resources */,
			);
			runOnlyForDeploymentPostprocessing = 0;
		};
		93D545142A43A23800A165C0 /* Resources */ = {
			isa = PBXResourcesBuildPhase;
			buildActionMask = 2147483647;
			files = (
			);
			runOnlyForDeploymentPostprocessing = 0;
		};
		93D5451E2A43A23800A165C0 /* Resources */ = {
			isa = PBXResourcesBuildPhase;
			buildActionMask = 2147483647;
			files = (
			);
			runOnlyForDeploymentPostprocessing = 0;
		};
/* End PBXResourcesBuildPhase section */

/* Begin PBXSourcesBuildPhase section */
		93D544FC2A43A23400A165C0 /* Sources */ = {
			isa = PBXSourcesBuildPhase;
			buildActionMask = 2147483647;
			files = (
				93D5453A2A4536CF00A165C0 /* UrlSessionNetworking.swift in Sources */,
				93D545442A453A3900A165C0 /* NetworkingBitcoinProvider.swift in Sources */,
				93D545082A43A23400A165C0 /* BitcoinViewController.swift in Sources */,
				93D5454A2A4A0C4C00A165C0 /* TimezoneProvider.swift in Sources */,
				93D545042A43A23400A165C0 /* AppDelegate.swift in Sources */,
				93D5454C2A4A0C8800A165C0 /* Country.swift in Sources */,
				93D5453C2A45380E00A165C0 /* BitcoinProvider.swift in Sources */,
				93D545422A453A0100A165C0 /* ErrorManager.swift in Sources */,
				93D545362A43CEBD00A165C0 /* BitcoinFromApi.swift in Sources */,
				93D545502A4A0E1100A165C0 /* CountryFromApi.swift in Sources */,
				93D545402A4539D900A165C0 /* ErrorType.swift in Sources */,
				93D5453E2A45397800A165C0 /* Bitcoin.swift in Sources */,
				93D545482A4600D100A165C0 /* ViewController+Extension.swift in Sources */,
				93D545382A4490B400A165C0 /* NetworkingError.swift in Sources */,
				93D5454E2A4A0CFE00A165C0 /* NetworkingTimezoneProvider.swift in Sources */,
				93D545342A43CDDA00A165C0 /* Networking.swift in Sources */,
			);
			runOnlyForDeploymentPostprocessing = 0;
		};
		93D545122A43A23800A165C0 /* Sources */ = {
			isa = PBXSourcesBuildPhase;
			buildActionMask = 2147483647;
			files = (
				93D5451B2A43A23800A165C0 /* BitcoinTests.swift in Sources */,
			);
			runOnlyForDeploymentPostprocessing = 0;
		};
		93D5451C2A43A23800A165C0 /* Sources */ = {
			isa = PBXSourcesBuildPhase;
			buildActionMask = 2147483647;
			files = (
				93D545252A43A23800A165C0 /* BitcoinUITests.swift in Sources */,
				93D545272A43A23800A165C0 /* BitcoinUITestsLaunchTests.swift in Sources */,
			);
			runOnlyForDeploymentPostprocessing = 0;
		};
/* End PBXSourcesBuildPhase section */

/* Begin PBXTargetDependency section */
		93D545182A43A23800A165C0 /* PBXTargetDependency */ = {
			isa = PBXTargetDependency;
			target = 93D544FF2A43A23400A165C0 /* Bitcoin */;
			targetProxy = 93D545172A43A23800A165C0 /* PBXContainerItemProxy */;
		};
		93D545222A43A23800A165C0 /* PBXTargetDependency */ = {
			isa = PBXTargetDependency;
			target = 93D544FF2A43A23400A165C0 /* Bitcoin */;
			targetProxy = 93D545212A43A23800A165C0 /* PBXContainerItemProxy */;
		};
/* End PBXTargetDependency section */

/* Begin PBXVariantGroup section */
		93D5450E2A43A23700A165C0 /* LaunchScreen.storyboard */ = {
			isa = PBXVariantGroup;
			children = (
				93D5450F2A43A23700A165C0 /* Base */,
			);
			name = LaunchScreen.storyboard;
			sourceTree = "<group>";
		};
/* End PBXVariantGroup section */

/* Begin XCBuildConfiguration section */
		93D545282A43A23800A165C0 /* Debug */ = {
			isa = XCBuildConfiguration;
			buildSettings = {
				ALWAYS_SEARCH_USER_PATHS = NO;
				CLANG_ANALYZER_NONNULL = YES;
				CLANG_ANALYZER_NUMBER_OBJECT_CONVERSION = YES_AGGRESSIVE;
				CLANG_CXX_LANGUAGE_STANDARD = "gnu++17";
				CLANG_CXX_LIBRARY = "libc++";
				CLANG_ENABLE_MODULES = YES;
				CLANG_ENABLE_OBJC_ARC = YES;
				CLANG_ENABLE_OBJC_WEAK = YES;
				CLANG_WARN_BLOCK_CAPTURE_AUTORELEASING = YES;
				CLANG_WARN_BOOL_CONVERSION = YES;
				CLANG_WARN_COMMA = YES;
				CLANG_WARN_CONSTANT_CONVERSION = YES;
				CLANG_WARN_DEPRECATED_OBJC_IMPLEMENTATIONS = YES;
				CLANG_WARN_DIRECT_OBJC_ISA_USAGE = YES_ERROR;
				CLANG_WARN_DOCUMENTATION_COMMENTS = YES;
				CLANG_WARN_EMPTY_BODY = YES;
				CLANG_WARN_ENUM_CONVERSION = YES;
				CLANG_WARN_INFINITE_RECURSION = YES;
				CLANG_WARN_INT_CONVERSION = YES;
				CLANG_WARN_NON_LITERAL_NULL_CONVERSION = YES;
				CLANG_WARN_OBJC_IMPLICIT_RETAIN_SELF = YES;
				CLANG_WARN_OBJC_LITERAL_CONVERSION = YES;
				CLANG_WARN_OBJC_ROOT_CLASS = YES_ERROR;
				CLANG_WARN_QUOTED_INCLUDE_IN_FRAMEWORK_HEADER = YES;
				CLANG_WARN_RANGE_LOOP_ANALYSIS = YES;
				CLANG_WARN_STRICT_PROTOTYPES = YES;
				CLANG_WARN_SUSPICIOUS_MOVE = YES;
				CLANG_WARN_UNGUARDED_AVAILABILITY = YES_AGGRESSIVE;
				CLANG_WARN_UNREACHABLE_CODE = YES;
				CLANG_WARN__DUPLICATE_METHOD_MATCH = YES;
				COPY_PHASE_STRIP = NO;
				DEBUG_INFORMATION_FORMAT = dwarf;
				ENABLE_STRICT_OBJC_MSGSEND = YES;
				ENABLE_TESTABILITY = YES;
				GCC_C_LANGUAGE_STANDARD = gnu11;
				GCC_DYNAMIC_NO_PIC = NO;
				GCC_NO_COMMON_BLOCKS = YES;
				GCC_OPTIMIZATION_LEVEL = 0;
				GCC_PREPROCESSOR_DEFINITIONS = (
					"DEBUG=1",
					"$(inherited)",
				);
				GCC_WARN_64_TO_32_BIT_CONVERSION = YES;
				GCC_WARN_ABOUT_RETURN_TYPE = YES_ERROR;
				GCC_WARN_UNDECLARED_SELECTOR = YES;
				GCC_WARN_UNINITIALIZED_AUTOS = YES_AGGRESSIVE;
				GCC_WARN_UNUSED_FUNCTION = YES;
				GCC_WARN_UNUSED_VARIABLE = YES;
				IPHONEOS_DEPLOYMENT_TARGET = 15.0;
				MTL_ENABLE_DEBUG_INFO = INCLUDE_SOURCE;
				MTL_FAST_MATH = YES;
				ONLY_ACTIVE_ARCH = YES;
				SDKROOT = iphoneos;
				SWIFT_ACTIVE_COMPILATION_CONDITIONS = DEBUG;
				SWIFT_OPTIMIZATION_LEVEL = "-Onone";
			};
			name = Debug;
		};
		93D545292A43A23800A165C0 /* Release */ = {
			isa = XCBuildConfiguration;
			buildSettings = {
				ALWAYS_SEARCH_USER_PATHS = NO;
				CLANG_ANALYZER_NONNULL = YES;
				CLANG_ANALYZER_NUMBER_OBJECT_CONVERSION = YES_AGGRESSIVE;
				CLANG_CXX_LANGUAGE_STANDARD = "gnu++17";
				CLANG_CXX_LIBRARY = "libc++";
				CLANG_ENABLE_MODULES = YES;
				CLANG_ENABLE_OBJC_ARC = YES;
				CLANG_ENABLE_OBJC_WEAK = YES;
				CLANG_WARN_BLOCK_CAPTURE_AUTORELEASING = YES;
				CLANG_WARN_BOOL_CONVERSION = YES;
				CLANG_WARN_COMMA = YES;
				CLANG_WARN_CONSTANT_CONVERSION = YES;
				CLANG_WARN_DEPRECATED_OBJC_IMPLEMENTATIONS = YES;
				CLANG_WARN_DIRECT_OBJC_ISA_USAGE = YES_ERROR;
				CLANG_WARN_DOCUMENTATION_COMMENTS = YES;
				CLANG_WARN_EMPTY_BODY = YES;
				CLANG_WARN_ENUM_CONVERSION = YES;
				CLANG_WARN_INFINITE_RECURSION = YES;
				CLANG_WARN_INT_CONVERSION = YES;
				CLANG_WARN_NON_LITERAL_NULL_CONVERSION = YES;
				CLANG_WARN_OBJC_IMPLICIT_RETAIN_SELF = YES;
				CLANG_WARN_OBJC_LITERAL_CONVERSION = YES;
				CLANG_WARN_OBJC_ROOT_CLASS = YES_ERROR;
				CLANG_WARN_QUOTED_INCLUDE_IN_FRAMEWORK_HEADER = YES;
				CLANG_WARN_RANGE_LOOP_ANALYSIS = YES;
				CLANG_WARN_STRICT_PROTOTYPES = YES;
				CLANG_WARN_SUSPICIOUS_MOVE = YES;
				CLANG_WARN_UNGUARDED_AVAILABILITY = YES_AGGRESSIVE;
				CLANG_WARN_UNREACHABLE_CODE = YES;
				CLANG_WARN__DUPLICATE_METHOD_MATCH = YES;
				COPY_PHASE_STRIP = NO;
				DEBUG_INFORMATION_FORMAT = "dwarf-with-dsym";
				ENABLE_NS_ASSERTIONS = NO;
				ENABLE_STRICT_OBJC_MSGSEND = YES;
				GCC_C_LANGUAGE_STANDARD = gnu11;
				GCC_NO_COMMON_BLOCKS = YES;
				GCC_WARN_64_TO_32_BIT_CONVERSION = YES;
				GCC_WARN_ABOUT_RETURN_TYPE = YES_ERROR;
				GCC_WARN_UNDECLARED_SELECTOR = YES;
				GCC_WARN_UNINITIALIZED_AUTOS = YES_AGGRESSIVE;
				GCC_WARN_UNUSED_FUNCTION = YES;
				GCC_WARN_UNUSED_VARIABLE = YES;
				IPHONEOS_DEPLOYMENT_TARGET = 15.0;
				MTL_ENABLE_DEBUG_INFO = NO;
				MTL_FAST_MATH = YES;
				SDKROOT = iphoneos;
				SWIFT_COMPILATION_MODE = wholemodule;
				SWIFT_OPTIMIZATION_LEVEL = "-O";
				VALIDATE_PRODUCT = YES;
			};
			name = Release;
		};
		93D5452B2A43A23800A165C0 /* Debug */ = {
			isa = XCBuildConfiguration;
			buildSettings = {
				ASSETCATALOG_COMPILER_APPICON_NAME = AppIcon;
				ASSETCATALOG_COMPILER_GLOBAL_ACCENT_COLOR_NAME = AccentColor;
				CODE_SIGN_STYLE = Automatic;
				CURRENT_PROJECT_VERSION = 1;
				GENERATE_INFOPLIST_FILE = YES;
				INFOPLIST_FILE = Bitcoin/Info.plist;
				INFOPLIST_KEY_UIApplicationSupportsIndirectInputEvents = YES;
				INFOPLIST_KEY_UILaunchStoryboardName = LaunchScreen;
				INFOPLIST_KEY_UISupportedInterfaceOrientations_iPad = "UIInterfaceOrientationPortrait UIInterfaceOrientationPortraitUpsideDown UIInterfaceOrientationLandscapeLeft UIInterfaceOrientationLandscapeRight";
				INFOPLIST_KEY_UISupportedInterfaceOrientations_iPhone = "UIInterfaceOrientationPortrait UIInterfaceOrientationLandscapeLeft UIInterfaceOrientationLandscapeRight";
				LD_RUNPATH_SEARCH_PATHS = (
					"$(inherited)",
					"@executable_path/Frameworks",
				);
				MARKETING_VERSION = 1.0;
				PRODUCT_BUNDLE_IDENTIFIER = com.VanesaKorbenfeld.Bitcoin;
				PRODUCT_NAME = "$(TARGET_NAME)";
				SWIFT_EMIT_LOC_STRINGS = YES;
				SWIFT_VERSION = 5.0;
				TARGETED_DEVICE_FAMILY = "1,2";
			};
			name = Debug;
		};
		93D5452C2A43A23800A165C0 /* Release */ = {
			isa = XCBuildConfiguration;
			buildSettings = {
				ASSETCATALOG_COMPILER_APPICON_NAME = AppIcon;
				ASSETCATALOG_COMPILER_GLOBAL_ACCENT_COLOR_NAME = AccentColor;
				CODE_SIGN_STYLE = Automatic;
				CURRENT_PROJECT_VERSION = 1;
				GENERATE_INFOPLIST_FILE = YES;
				INFOPLIST_FILE = Bitcoin/Info.plist;
				INFOPLIST_KEY_UIApplicationSupportsIndirectInputEvents = YES;
				INFOPLIST_KEY_UILaunchStoryboardName = LaunchScreen;
				INFOPLIST_KEY_UISupportedInterfaceOrientations_iPad = "UIInterfaceOrientationPortrait UIInterfaceOrientationPortraitUpsideDown UIInterfaceOrientationLandscapeLeft UIInterfaceOrientationLandscapeRight";
				INFOPLIST_KEY_UISupportedInterfaceOrientations_iPhone = "UIInterfaceOrientationPortrait UIInterfaceOrientationLandscapeLeft UIInterfaceOrientationLandscapeRight";
				LD_RUNPATH_SEARCH_PATHS = (
					"$(inherited)",
					"@executable_path/Frameworks",
				);
				MARKETING_VERSION = 1.0;
				PRODUCT_BUNDLE_IDENTIFIER = com.VanesaKorbenfeld.Bitcoin;
				PRODUCT_NAME = "$(TARGET_NAME)";
				SWIFT_EMIT_LOC_STRINGS = YES;
				SWIFT_VERSION = 5.0;
				TARGETED_DEVICE_FAMILY = "1,2";
			};
			name = Release;
		};
		93D5452E2A43A23800A165C0 /* Debug */ = {
			isa = XCBuildConfiguration;
			buildSettings = {
				ALWAYS_EMBED_SWIFT_STANDARD_LIBRARIES = YES;
				BUNDLE_LOADER = "$(TEST_HOST)";
				CODE_SIGN_STYLE = Automatic;
				CURRENT_PROJECT_VERSION = 1;
				GENERATE_INFOPLIST_FILE = YES;
				IPHONEOS_DEPLOYMENT_TARGET = 15.0;
				LD_RUNPATH_SEARCH_PATHS = (
					"$(inherited)",
					"@executable_path/Frameworks",
					"@loader_path/Frameworks",
				);
				MARKETING_VERSION = 1.0;
				PRODUCT_BUNDLE_IDENTIFIER = com.VanesaKorbenfeld.BitcoinTests;
				PRODUCT_NAME = "$(TARGET_NAME)";
				SWIFT_EMIT_LOC_STRINGS = NO;
				SWIFT_VERSION = 5.0;
				TARGETED_DEVICE_FAMILY = "1,2";
				TEST_HOST = "$(BUILT_PRODUCTS_DIR)/Bitcoin.app/Bitcoin";
			};
			name = Debug;
		};
		93D5452F2A43A23800A165C0 /* Release */ = {
			isa = XCBuildConfiguration;
			buildSettings = {
				ALWAYS_EMBED_SWIFT_STANDARD_LIBRARIES = YES;
				BUNDLE_LOADER = "$(TEST_HOST)";
				CODE_SIGN_STYLE = Automatic;
				CURRENT_PROJECT_VERSION = 1;
				GENERATE_INFOPLIST_FILE = YES;
				IPHONEOS_DEPLOYMENT_TARGET = 15.0;
				LD_RUNPATH_SEARCH_PATHS = (
					"$(inherited)",
					"@executable_path/Frameworks",
					"@loader_path/Frameworks",
				);
				MARKETING_VERSION = 1.0;
				PRODUCT_BUNDLE_IDENTIFIER = com.VanesaKorbenfeld.BitcoinTests;
				PRODUCT_NAME = "$(TARGET_NAME)";
				SWIFT_EMIT_LOC_STRINGS = NO;
				SWIFT_VERSION = 5.0;
				TARGETED_DEVICE_FAMILY = "1,2";
				TEST_HOST = "$(BUILT_PRODUCTS_DIR)/Bitcoin.app/Bitcoin";
			};
			name = Release;
		};
		93D545312A43A23800A165C0 /* Debug */ = {
			isa = XCBuildConfiguration;
			buildSettings = {
				ALWAYS_EMBED_SWIFT_STANDARD_LIBRARIES = YES;
				CODE_SIGN_STYLE = Automatic;
				CURRENT_PROJECT_VERSION = 1;
				GENERATE_INFOPLIST_FILE = YES;
				LD_RUNPATH_SEARCH_PATHS = (
					"$(inherited)",
					"@executable_path/Frameworks",
					"@loader_path/Frameworks",
				);
				MARKETING_VERSION = 1.0;
				PRODUCT_BUNDLE_IDENTIFIER = com.VanesaKorbenfeld.BitcoinUITests;
				PRODUCT_NAME = "$(TARGET_NAME)";
				SWIFT_EMIT_LOC_STRINGS = NO;
				SWIFT_VERSION = 5.0;
				TARGETED_DEVICE_FAMILY = "1,2";
				TEST_TARGET_NAME = Bitcoin;
			};
			name = Debug;
		};
		93D545322A43A23800A165C0 /* Release */ = {
			isa = XCBuildConfiguration;
			buildSettings = {
				ALWAYS_EMBED_SWIFT_STANDARD_LIBRARIES = YES;
				CODE_SIGN_STYLE = Automatic;
				CURRENT_PROJECT_VERSION = 1;
				GENERATE_INFOPLIST_FILE = YES;
				LD_RUNPATH_SEARCH_PATHS = (
					"$(inherited)",
					"@executable_path/Frameworks",
					"@loader_path/Frameworks",
				);
				MARKETING_VERSION = 1.0;
				PRODUCT_BUNDLE_IDENTIFIER = com.VanesaKorbenfeld.BitcoinUITests;
				PRODUCT_NAME = "$(TARGET_NAME)";
				SWIFT_EMIT_LOC_STRINGS = NO;
				SWIFT_VERSION = 5.0;
				TARGETED_DEVICE_FAMILY = "1,2";
				TEST_TARGET_NAME = Bitcoin;
			};
			name = Release;
		};
/* End XCBuildConfiguration section */

/* Begin XCConfigurationList section */
		93D544FB2A43A23400A165C0 /* Build configuration list for PBXProject "Bitcoin" */ = {
			isa = XCConfigurationList;
			buildConfigurations = (
				93D545282A43A23800A165C0 /* Debug */,
				93D545292A43A23800A165C0 /* Release */,
			);
			defaultConfigurationIsVisible = 0;
			defaultConfigurationName = Release;
		};
		93D5452A2A43A23800A165C0 /* Build configuration list for PBXNativeTarget "Bitcoin" */ = {
			isa = XCConfigurationList;
			buildConfigurations = (
				93D5452B2A43A23800A165C0 /* Debug */,
				93D5452C2A43A23800A165C0 /* Release */,
			);
			defaultConfigurationIsVisible = 0;
			defaultConfigurationName = Release;
		};
		93D5452D2A43A23800A165C0 /* Build configuration list for PBXNativeTarget "BitcoinTests" */ = {
			isa = XCConfigurationList;
			buildConfigurations = (
				93D5452E2A43A23800A165C0 /* Debug */,
				93D5452F2A43A23800A165C0 /* Release */,
			);
			defaultConfigurationIsVisible = 0;
			defaultConfigurationName = Release;
		};
		93D545302A43A23800A165C0 /* Build configuration list for PBXNativeTarget "BitcoinUITests" */ = {
			isa = XCConfigurationList;
			buildConfigurations = (
				93D545312A43A23800A165C0 /* Debug */,
				93D545322A43A23800A165C0 /* Release */,
			);
			defaultConfigurationIsVisible = 0;
			defaultConfigurationName = Release;
		};
/* End XCConfigurationList section */
	};
	rootObject = 93D544F82A43A23400A165C0 /* Project object */;
}
